
Microsoft Visual Studio Solution File, Format Version 12.00
# Visual Studio Version 17
VisualStudioVersion = 17.3.32929.385
MinimumVisualStudioVersion = 10.0.40219.1
Project("{FAE04EC0-301F-11D3-BF4B-00C04F79EFBC}") = "EfCore6", "EfCore6\EfCore6.csproj", "{8F13CA90-3272-4B40-B070-DAC2301B393E}"
EndProject
Global
	GlobalSection(SolutionConfigurationPlatforms) = preSolution
		Debug|Any CPU = Debug|Any CPU
		Release|Any CPU = Release|Any CPU
	EndGlobalSection
	GlobalSection(ProjectConfigurationPlatforms) = postSolution
		{8F13CA90-3272-4B40-B070-DAC2301B393E}.Debug|Any CPU.ActiveCfg = Debug|Any CPU
		{8F13CA90-3272-4B40-B070-DAC2301B393E}.Debug|Any CPU.Build.0 = Debug|Any CPU
		{8F13CA90-3272-4B40-B070-DAC2301B393E}.Release|Any CPU.ActiveCfg = Release|Any CPU
		{8F13CA90-3272-4B40-B070-DAC2301B393E}.Release|Any CPU.Build.0 = Release|Any CPU
	EndGlobalSection
	GlobalSection(SolutionProperties) = preSolution
		HideSolutionNode = FALSE
	EndGlobalSection
	GlobalSection(ExtensibilityGlobals) = postSolution
		SolutionGuid = {ED62D8A9-0E4E-4A43-8092-86F430EF78E4}
	EndGlobalSection
EndGlobal
